{
  "originHash" : "5171e2bb584e0eb22c10d52d72b2bd4796b323897ed5dc94dcee741c58ff66cc",
  "pins" : [
    {
      "identity" : "jfutils",
      "kind" : "remoteSourceControl",
      "location" : "https://github.com/iComputerfreak/JFUtils",
      "state" : {
        "branch" : "main",
        "revision" : "96c44d3dca19c15ec878e7c3dfbdf4cb9d06abe8"
      }
    }
  ],
  "version" : 3
}
