// !$*UTF8*$!
{
	archiveVersion = 1;
	classes = {
	};
	objectVersion = 74;
	objects = {

/* Begin PBXBuildFile section */
		ABD6D4BF2DF4C1650021A0E7 /* JFTestingUtils in Frameworks */ = {isa = PBXBuildFile; productRef = ABD6D4BE2DF4C1650021A0E7 /* JFTestingUtils */; };
		ABD6D4C12DF4C1650021A0E7 /* JFUtils in Frameworks */ = {isa = PBXBuildFile; productRef = ABD6D4C02DF4C1650021A0E7 /* JFUtils */; };
		ABD6D4CB2DF4D8480021A0E7 /* Core in Frameworks */ = {isa = PBXBuildFile; productRef = ABD6D4CA2DF4D8480021A0E7 /* Core */; };
		ABD6D4CD2DF4D8480021A0E7 /* Data in Frameworks */ = {isa = PBXBuildFile; productRef = ABD6D4CC2DF4D8480021A0E7 /* Data */; };
		ABD6D4CF2DF4D8480021A0E7 /* Domain in Frameworks */ = {isa = PBXBuildFile; productRef = ABD6D4CE2DF4D8480021A0E7 /* Domain */; };
		ABD6D4D12DF4D8480021A0E7 /* Model in Frameworks */ = {isa = PBXBuildFile; productRef = ABD6D4D02DF4D8480021A0E7 /* Model */; };
/* End PBXBuildFile section */

/* Begin PBXContainerItemProxy section */
		AB391CA92964B7EE00A0B0C1 /* PBXContainerItemProxy */ = {
			isa = PBXContainerItemProxy;
			containerPortal = ABE17B8C28522F7A00879C30 /* Project object */;
			proxyType = 1;
			remoteGlobalIDString = ABE17B9328522F7A00879C30;
			remoteInfo = TimeSheet;
		};
		AB5CE2FC2DF4B213009E41F3 /* PBXContainerItemProxy */ = {
			isa = PBXContainerItemProxy;
			containerPortal = ABE17B8C28522F7A00879C30 /* Project object */;
			proxyType = 1;
			remoteGlobalIDString = ABE17B9328522F7A00879C30;
			remoteInfo = TimeSheet;
		};
/* End PBXContainerItemProxy section */

/* Begin PBXFileReference section */
		AB391CA32964B7EE00A0B0C1 /* TimeSheetUITests.xctest */ = {isa = PBXFileReference; explicitFileType = wrapper.cfbundle; includeInIndex = 0; path = TimeSheetUITests.xctest; sourceTree = BUILT_PRODUCTS_DIR; };
		AB5CE2F82DF4B213009E41F3 /* TimeSheetTests.xctest */ = {isa = PBXFileReference; explicitFileType = wrapper.cfbundle; includeInIndex = 0; path = TimeSheetTests.xctest; sourceTree = BUILT_PRODUCTS_DIR; };
		ABE17B9428522F7A00879C30 /* TimeSheet.app */ = {isa = PBXFileReference; explicitFileType = wrapper.application; includeInIndex = 0; path = TimeSheet.app; sourceTree = BUILT_PRODUCTS_DIR; };
/* End PBXFileReference section */

/* Begin PBXFileSystemSynchronizedBuildFileExceptionSet section */
		AB5CE3522DF4BE2F009E41F3 /* PBXFileSystemSynchronizedBuildFileExceptionSet */ = {
			isa = PBXFileSystemSynchronizedBuildFileExceptionSet;
			membershipExceptions = (
				/Localized/Localizable.strings,
				Assets.xcassets,
				"Preview Content/Preview Assets.xcassets",
			);
			target = ABE17B9328522F7A00879C30 /* TimeSheet */;
		};
		ABD6D4C62DF4D5B60021A0E7 /* PBXFileSystemSynchronizedBuildFileExceptionSet */ = {
			isa = PBXFileSystemSynchronizedBuildFileExceptionSet;
			membershipExceptions = (
				Core,
				Data,
				Domain,
				Model,
			);
			target = ABE17B9328522F7A00879C30 /* TimeSheet */;
		};
/* End PBXFileSystemSynchronizedBuildFileExceptionSet section */

/* Begin PBXFileSystemSynchronizedRootGroup section */
		AB5CE2F92DF4B213009E41F3 /* TimeSheetTests */ = {isa = PBXFileSystemSynchronizedRootGroup; explicitFileTypes = {}; explicitFolders = (); path = TimeSheetTests; sourceTree = "<group>"; };
		AB5CE32A2DF4BC3E009E41F3 /* TimeSheet */ = {isa = PBXFileSystemSynchronizedRootGroup; explicitFileTypes = {}; explicitFolders = (); path = TimeSheet; sourceTree = "<group>"; };
		AB5CE3492DF4BC44009E41F3 /* SupportingFiles */ = {isa = PBXFileSystemSynchronizedRootGroup; exceptions = (AB5CE3522DF4BE2F009E41F3 /* PBXFileSystemSynchronizedBuildFileExceptionSet */, ); explicitFileTypes = {}; explicitFolders = (); path = SupportingFiles; sourceTree = "<group>"; };
		AB5CE34C2DF4BC46009E41F3 /* TimeSheetUITests */ = {isa = PBXFileSystemSynchronizedRootGroup; explicitFileTypes = {}; explicitFolders = (); path = TimeSheetUITests; sourceTree = "<group>"; };
		ABD6D4C42DF4C4CC0021A0E7 /* Packages */ = {isa = PBXFileSystemSynchronizedRootGroup; exceptions = (ABD6D4C62DF4D5B60021A0E7 /* PBXFileSystemSynchronizedBuildFileExceptionSet */, ); explicitFileTypes = {}; explicitFolders = (); path = Packages; sourceTree = "<group>"; };
/* End PBXFileSystemSynchronizedRootGroup section */

/* Begin PBXFrameworksBuildPhase section */
		AB391CA02964B7EE00A0B0C1 /* Frameworks */ = {
			isa = PBXFrameworksBuildPhase;
			buildActionMask = 2147483647;
			files = (
			);
			runOnlyForDeploymentPostprocessing = 0;
		};
		AB5CE2F52DF4B213009E41F3 /* Frameworks */ = {
			isa = PBXFrameworksBuildPhase;
			buildActionMask = 2147483647;
			files = (
				ABD6D4BF2DF4C1650021A0E7 /* JFTestingUtils in Frameworks */,
			);
			runOnlyForDeploymentPostprocessing = 0;
		};
		ABE17B9128522F7A00879C30 /* Frameworks */ = {
			isa = PBXFrameworksBuildPhase;
			buildActionMask = 2147483647;
			files = (
				ABD6D4D12DF4D8480021A0E7 /* Model in Frameworks */,
				ABD6D4C12DF4C1650021A0E7 /* JFUtils in Frameworks */,
				ABD6D4CB2DF4D8480021A0E7 /* Core in Frameworks */,
				ABD6D4CF2DF4D8480021A0E7 /* Domain in Frameworks */,
				ABD6D4CD2DF4D8480021A0E7 /* Data in Frameworks */,
			);
			runOnlyForDeploymentPostprocessing = 0;
		};
/* End PBXFrameworksBuildPhase section */

/* Begin PBXGroup section */
		ABE17B8B28522F7A00879C30 = {
			isa = PBXGroup;
			children = (
				ABD6D4C42DF4C4CC0021A0E7 /* Packages */,
				AB5CE32A2DF4BC3E009E41F3 /* TimeSheet */,
				AB5CE3492DF4BC44009E41F3 /* SupportingFiles */,
				AB5CE34C2DF4BC46009E41F3 /* TimeSheetUITests */,
				AB5CE2F92DF4B213009E41F3 /* TimeSheetTests */,
				ABE17B9528522F7A00879C30 /* Products */,
				ABE17BC428528C2100879C30 /* Frameworks */,
			);
			sourceTree = "<group>";
		};
		ABE17B9528522F7A00879C30 /* Products */ = {
			isa = PBXGroup;
			children = (
				ABE17B9428522F7A00879C30 /* TimeSheet.app */,
				AB391CA32964B7EE00A0B0C1 /* TimeSheetUITests.xctest */,
				AB5CE2F82DF4B213009E41F3 /* TimeSheetTests.xctest */,
			);
			name = Products;
			sourceTree = "<group>";
		};
		ABE17BC428528C2100879C30 /* Frameworks */ = {
			isa = PBXGroup;
			children = (
			);
			name = Frameworks;
			sourceTree = "<group>";
		};
/* End PBXGroup section */

/* Begin PBXNativeTarget section */
		AB391CA22964B7EE00A0B0C1 /* TimeSheetUITests */ = {
			isa = PBXNativeTarget;
			buildConfigurationList = AB391CAB2964B7EE00A0B0C1 /* Build configuration list for PBXNativeTarget "TimeSheetUITests" */;
			buildPhases = (
				AB391C9F2964B7EE00A0B0C1 /* Sources */,
				AB391CA02964B7EE00A0B0C1 /* Frameworks */,
				AB391CA12964B7EE00A0B0C1 /* Resources */,
			);
			buildRules = (
			);
			dependencies = (
				AB391CAA2964B7EE00A0B0C1 /* PBXTargetDependency */,
			);
			fileSystemSynchronizedGroups = (
				AB5CE34C2DF4BC46009E41F3 /* TimeSheetUITests */,
			);
			name = TimeSheetUITests;
			productName = TimeSheetUITests;
			productReference = AB391CA32964B7EE00A0B0C1 /* TimeSheetUITests.xctest */;
			productType = "com.apple.product-type.bundle.ui-testing";
		};
		AB5CE2F72DF4B213009E41F3 /* TimeSheetTests */ = {
			isa = PBXNativeTarget;
			buildConfigurationList = AB5CE2FE2DF4B213009E41F3 /* Build configuration list for PBXNativeTarget "TimeSheetTests" */;
			buildPhases = (
				AB5CE2F42DF4B213009E41F3 /* Sources */,
				AB5CE2F52DF4B213009E41F3 /* Frameworks */,
				AB5CE2F62DF4B213009E41F3 /* Resources */,
			);
			buildRules = (
			);
			dependencies = (
				AB5CE2FD2DF4B213009E41F3 /* PBXTargetDependency */,
			);
			fileSystemSynchronizedGroups = (
				AB5CE2F92DF4B213009E41F3 /* TimeSheetTests */,
			);
			name = TimeSheetTests;
			packageProductDependencies = (
				ABD6D4BE2DF4C1650021A0E7 /* JFTestingUtils */,
			);
			productName = TimeSheetTests;
			productReference = AB5CE2F82DF4B213009E41F3 /* TimeSheetTests.xctest */;
			productType = "com.apple.product-type.bundle.unit-test";
		};
		ABE17B9328522F7A00879C30 /* TimeSheet */ = {
			isa = PBXNativeTarget;
			buildConfigurationList = ABE17BA228522F7B00879C30 /* Build configuration list for PBXNativeTarget "TimeSheet" */;
			buildPhases = (
				AB8F2F982DF58A4D00069A02 /* SwiftGen */,
				ABE17B9028522F7A00879C30 /* Sources */,
				ABCD5FB92DF484D3009ADEDD /* SwiftLint */,
				ABE17B9128522F7A00879C30 /* Frameworks */,
				ABE17B9228522F7A00879C30 /* Resources */,
			);
			buildRules = (
			);
			dependencies = (
			);
			fileSystemSynchronizedGroups = (
				AB5CE32A2DF4BC3E009E41F3 /* TimeSheet */,
				ABD6D4C42DF4C4CC0021A0E7 /* Packages */,
			);
			name = TimeSheet;
			packageProductDependencies = (
				ABD6D4C02DF4C1650021A0E7 /* JFUtils */,
				ABD6D4CA2DF4D8480021A0E7 /* Core */,
				ABD6D4CC2DF4D8480021A0E7 /* Data */,
				ABD6D4CE2DF4D8480021A0E7 /* Domain */,
				ABD6D4D02DF4D8480021A0E7 /* Model */,
			);
			productName = TimeSheet;
			productReference = ABE17B9428522F7A00879C30 /* TimeSheet.app */;
			productType = "com.apple.product-type.application";
		};
/* End PBXNativeTarget section */

/* Begin PBXProject section */
		ABE17B8C28522F7A00879C30 /* Project object */ = {
			isa = PBXProject;
			attributes = {
				BuildIndependentTargetsInParallel = 1;
				LastSwiftUpdateCheck = 1620;
				LastUpgradeCheck = 1620;
				TargetAttributes = {
					AB391CA22964B7EE00A0B0C1 = {
						CreatedOnToolsVersion = 14.2;
						TestTargetID = ABE17B9328522F7A00879C30;
					};
					AB5CE2F72DF4B213009E41F3 = {
						CreatedOnToolsVersion = 16.2;
						TestTargetID = ABE17B9328522F7A00879C30;
					};
					ABE17B9328522F7A00879C30 = {
						CreatedOnToolsVersion = 14.0;
					};
				};
			};
			buildConfigurationList = ABE17B8F28522F7A00879C30 /* Build configuration list for PBXProject "TimeSheet" */;
			developmentRegion = en;
			hasScannedForEncodings = 0;
			knownRegions = (
				en,
				Base,
				de,
			);
			mainGroup = ABE17B8B28522F7A00879C30;
			packageReferences = (
				ABD6D4BD2DF4C1650021A0E7 /* XCRemoteSwiftPackageReference "JFUtils" */,
			);
			preferredProjectObjectVersion = 56;
			productRefGroup = ABE17B9528522F7A00879C30 /* Products */;
			projectDirPath = "";
			projectRoot = "";
			targets = (
				ABE17B9328522F7A00879C30 /* TimeSheet */,
				AB5CE2F72DF4B213009E41F3 /* TimeSheetTests */,
				AB391CA22964B7EE00A0B0C1 /* TimeSheetUITests */,
			);
		};
/* End PBXProject section */

/* Begin PBXResourcesBuildPhase section */
		AB391CA12964B7EE00A0B0C1 /* Resources */ = {
			isa = PBXResourcesBuildPhase;
			buildActionMask = 2147483647;
			files = (
			);
			runOnlyForDeploymentPostprocessing = 0;
		};
		AB5CE2F62DF4B213009E41F3 /* Resources */ = {
			isa = PBXResourcesBuildPhase;
			buildActionMask = 2147483647;
			files = (
			);
			runOnlyForDeploymentPostprocessing = 0;
		};
		ABE17B9228522F7A00879C30 /* Resources */ = {
			isa = PBXResourcesBuildPhase;
			buildActionMask = 2147483647;
			files = (
			);
			runOnlyForDeploymentPostprocessing = 0;
		};
/* End PBXResourcesBuildPhase section */

/* Begin PBXShellScriptBuildPhase section */
		AB8F2F982DF58A4D00069A02 /* SwiftGen */ = {
			isa = PBXShellScriptBuildPhase;
			alwaysOutOfDate = 1;
			buildActionMask = 2147483647;
			files = (
			);
			inputFileListPaths = (
			);
			inputPaths = (
			);
			name = SwiftGen;
			outputFileListPaths = (
			);
			outputPaths = (
			);
			runOnlyForDeploymentPostprocessing = 0;
			shellPath = /bin/sh;
			shellScript = "if [[ \"$(uname -m)\" == arm64 ]]\nthen\n    export PATH=\"/opt/homebrew/bin:$PATH\"\nfi\n\nif which swiftgen >/dev/null; then\n  swiftgen\nelse\n  echo \"warning: SwiftGen not installed, download it from https://github.com/SwiftGen/SwiftGen\"\nfi\n";
		};
		ABCD5FB92DF484D3009ADEDD /* SwiftLint */ = {
			isa = PBXShellScriptBuildPhase;
			alwaysOutOfDate = 1;
			buildActionMask = 2147483647;
			files = (
			);
			inputFileListPaths = (
			);
			inputPaths = (
			);
			name = SwiftLint;
			outputFileListPaths = (
			);
			outputPaths = (
			);
			runOnlyForDeploymentPostprocessing = 0;
			shellPath = /bin/sh;
			shellScript = "if [[ \"$(uname -m)\" == arm64 ]]\nthen\n    export PATH=\"/opt/homebrew/bin:$PATH\"\nfi\n\nif command -v swiftlint >/dev/null 2>&1\nthen\n    swiftlint\nelse\n    echo \"error: `swiftlint` command not found - See https://github.com/realm/SwiftLint#installation for installation instructions.\"\nfi\n";
		};
/* End PBXShellScriptBuildPhase section */

/* Begin PBXSourcesBuildPhase section */
		AB391C9F2964B7EE00A0B0C1 /* Sources */ = {
			isa = PBXSourcesBuildPhase;
			buildActionMask = 2147483647;
			files = (
			);
			runOnlyForDeploymentPostprocessing = 0;
		};
		AB5CE2F42DF4B213009E41F3 /* Sources */ = {
			isa = PBXSourcesBuildPhase;
			buildActionMask = 2147483647;
			files = (
			);
			runOnlyForDeploymentPostprocessing = 0;
		};
		ABE17B9028522F7A00879C30 /* Sources */ = {
			isa = PBXSourcesBuildPhase;
			buildActionMask = 2147483647;
			files = (
			);
			runOnlyForDeploymentPostprocessing = 0;
		};
/* End PBXSourcesBuildPhase section */

/* Begin PBXTargetDependency section */
		AB391CAA2964B7EE00A0B0C1 /* PBXTargetDependency */ = {
			isa = PBXTargetDependency;
			target = ABE17B9328522F7A00879C30 /* TimeSheet */;
			targetProxy = AB391CA92964B7EE00A0B0C1 /* PBXContainerItemProxy */;
		};
		AB5CE2FD2DF4B213009E41F3 /* PBXTargetDependency */ = {
			isa = PBXTargetDependency;
			target = ABE17B9328522F7A00879C30 /* TimeSheet */;
			targetProxy = AB5CE2FC2DF4B213009E41F3 /* PBXContainerItemProxy */;
		};
/* End PBXTargetDependency section */

/* Begin XCBuildConfiguration section */
		AB391CAC2964B7EE00A0B0C1 /* Debug */ = {
			isa = XCBuildConfiguration;
			buildSettings = {
				CLANG_CXX_LANGUAGE_STANDARD = "gnu++20";
				CODE_SIGN_STYLE = Automatic;
				CURRENT_PROJECT_VERSION = 7;
				DEVELOPMENT_TEAM = 46C9Y785NA;
				GENERATE_INFOPLIST_FILE = YES;
				IPHONEOS_DEPLOYMENT_TARGET = 16.0;
				MARKETING_VERSION = 1.4.3;
				PRODUCT_BUNDLE_IDENTIFIER = de.JonasFrey.TimeSheetUITests;
				PRODUCT_NAME = "$(TARGET_NAME)";
				SWIFT_EMIT_LOC_STRINGS = NO;
				SWIFT_VERSION = 5.0;
				TARGETED_DEVICE_FAMILY = "1,2";
				TEST_TARGET_NAME = TimeSheet;
			};
			name = Debug;
		};
		AB391CAD2964B7EE00A0B0C1 /* Release */ = {
			isa = XCBuildConfiguration;
			buildSettings = {
				CLANG_CXX_LANGUAGE_STANDARD = "gnu++20";
				CODE_SIGN_STYLE = Automatic;
				CURRENT_PROJECT_VERSION = 7;
				DEVELOPMENT_TEAM = 46C9Y785NA;
				GENERATE_INFOPLIST_FILE = YES;
				IPHONEOS_DEPLOYMENT_TARGET = 16.0;
				MARKETING_VERSION = 1.4.3;
				PRODUCT_BUNDLE_IDENTIFIER = de.JonasFrey.TimeSheetUITests;
				PRODUCT_NAME = "$(TARGET_NAME)";
				SWIFT_EMIT_LOC_STRINGS = NO;
				SWIFT_VERSION = 5.0;
				TARGETED_DEVICE_FAMILY = "1,2";
				TEST_TARGET_NAME = TimeSheet;
			};
			name = Release;
		};
		AB5CE2FF2DF4B213009E41F3 /* Debug */ = {
			isa = XCBuildConfiguration;
			buildSettings = {
				BUNDLE_LOADER = "$(TEST_HOST)";
				CLANG_CXX_LANGUAGE_STANDARD = "gnu++20";
				CODE_SIGN_STYLE = Automatic;
				CURRENT_PROJECT_VERSION = 1;
				DEVELOPMENT_TEAM = 46C9Y785NA;
				ENABLE_USER_SCRIPT_SANDBOXING = YES;
				GCC_C_LANGUAGE_STANDARD = gnu17;
				GENERATE_INFOPLIST_FILE = YES;
				IPHONEOS_DEPLOYMENT_TARGET = 16.0;
				LOCALIZATION_PREFERS_STRING_CATALOGS = YES;
				MARKETING_VERSION = 1.0;
				PRODUCT_BUNDLE_IDENTIFIER = de.JonasFrey.TimeSheetTests;
				PRODUCT_NAME = "$(TARGET_NAME)";
				SWIFT_ACTIVE_COMPILATION_CONDITIONS = "DEBUG $(inherited)";
				SWIFT_EMIT_LOC_STRINGS = NO;
				SWIFT_VERSION = 5.0;
				TARGETED_DEVICE_FAMILY = "1,2";
				TEST_HOST = "$(BUILT_PRODUCTS_DIR)/TimeSheet.app/$(BUNDLE_EXECUTABLE_FOLDER_PATH)/TimeSheet";
			};
			name = Debug;
		};
		AB5CE3002DF4B213009E41F3 /* Release */ = {
			isa = XCBuildConfiguration;
			buildSettings = {
				BUNDLE_LOADER = "$(TEST_HOST)";
				CLANG_CXX_LANGUAGE_STANDARD = "gnu++20";
				CODE_SIGN_STYLE = Automatic;
				CURRENT_PROJECT_VERSION = 1;
				DEVELOPMENT_TEAM = 46C9Y785NA;
				ENABLE_USER_SCRIPT_SANDBOXING = YES;
				GCC_C_LANGUAGE_STANDARD = gnu17;
				GENERATE_INFOPLIST_FILE = YES;
				IPHONEOS_DEPLOYMENT_TARGET = 16.0;
				LOCALIZATION_PREFERS_STRING_CATALOGS = YES;
				MARKETING_VERSION = 1.0;
				PRODUCT_BUNDLE_IDENTIFIER = de.JonasFrey.TimeSheetTests;
				PRODUCT_NAME = "$(TARGET_NAME)";
				SWIFT_EMIT_LOC_STRINGS = NO;
				SWIFT_VERSION = 5.0;
				TARGETED_DEVICE_FAMILY = "1,2";
				TEST_HOST = "$(BUILT_PRODUCTS_DIR)/TimeSheet.app/$(BUNDLE_EXECUTABLE_FOLDER_PATH)/TimeSheet";
			};
			name = Release;
		};
		ABE17BA028522F7B00879C30 /* Debug */ = {
			isa = XCBuildConfiguration;
			buildSettings = {
				ALWAYS_SEARCH_USER_PATHS = NO;
				ASSETCATALOG_COMPILER_GENERATE_SWIFT_ASSET_SYMBOL_EXTENSIONS = YES;
				CLANG_ANALYZER_LOCALIZABILITY_NONLOCALIZED = YES;
				CLANG_ANALYZER_NONNULL = YES;
				CLANG_ANALYZER_NUMBER_OBJECT_CONVERSION = YES_AGGRESSIVE;
				CLANG_CXX_LANGUAGE_STANDARD = "gnu++17";
				CLANG_ENABLE_MODULES = YES;
				CLANG_ENABLE_OBJC_ARC = YES;
				CLANG_ENABLE_OBJC_WEAK = YES;
				CLANG_WARN_BLOCK_CAPTURE_AUTORELEASING = YES;
				CLANG_WARN_BOOL_CONVERSION = YES;
				CLANG_WARN_COMMA = YES;
				CLANG_WARN_CONSTANT_CONVERSION = YES;
				CLANG_WARN_DEPRECATED_OBJC_IMPLEMENTATIONS = YES;
				CLANG_WARN_DIRECT_OBJC_ISA_USAGE = YES_ERROR;
				CLANG_WARN_DOCUMENTATION_COMMENTS = YES;
				CLANG_WARN_EMPTY_BODY = YES;
				CLANG_WARN_ENUM_CONVERSION = YES;
				CLANG_WARN_INFINITE_RECURSION = YES;
				CLANG_WARN_INT_CONVERSION = YES;
				CLANG_WARN_NON_LITERAL_NULL_CONVERSION = YES;
				CLANG_WARN_OBJC_IMPLICIT_RETAIN_SELF = YES;
				CLANG_WARN_OBJC_LITERAL_CONVERSION = YES;
				CLANG_WARN_OBJC_ROOT_CLASS = YES_ERROR;
				CLANG_WARN_QUOTED_INCLUDE_IN_FRAMEWORK_HEADER = YES;
				CLANG_WARN_RANGE_LOOP_ANALYSIS = YES;
				CLANG_WARN_STRICT_PROTOTYPES = YES;
				CLANG_WARN_SUSPICIOUS_MOVE = YES;
				CLANG_WARN_UNGUARDED_AVAILABILITY = YES_AGGRESSIVE;
				CLANG_WARN_UNREACHABLE_CODE = YES;
				CLANG_WARN__DUPLICATE_METHOD_MATCH = YES;
				COPY_PHASE_STRIP = NO;
				DEBUG_INFORMATION_FORMAT = dwarf;
				ENABLE_STRICT_OBJC_MSGSEND = YES;
				ENABLE_TESTABILITY = YES;
				GCC_C_LANGUAGE_STANDARD = gnu11;
				GCC_DYNAMIC_NO_PIC = NO;
				GCC_NO_COMMON_BLOCKS = YES;
				GCC_OPTIMIZATION_LEVEL = 0;
				GCC_PREPROCESSOR_DEFINITIONS = (
					"DEBUG=1",
					"$(inherited)",
				);
				GCC_WARN_64_TO_32_BIT_CONVERSION = YES;
				GCC_WARN_ABOUT_RETURN_TYPE = YES_ERROR;
				GCC_WARN_UNDECLARED_SELECTOR = YES;
				GCC_WARN_UNINITIALIZED_AUTOS = YES_AGGRESSIVE;
				GCC_WARN_UNUSED_FUNCTION = YES;
				GCC_WARN_UNUSED_VARIABLE = YES;
				IPHONEOS_DEPLOYMENT_TARGET = 16.0;
				MTL_ENABLE_DEBUG_INFO = INCLUDE_SOURCE;
				MTL_FAST_MATH = YES;
				ONLY_ACTIVE_ARCH = YES;
				SDKROOT = iphoneos;
				SWIFT_ACTIVE_COMPILATION_CONDITIONS = DEBUG;
				SWIFT_OPTIMIZATION_LEVEL = "-Onone";
			};
			name = Debug;
		};
		ABE17BA128522F7B00879C30 /* Release */ = {
			isa = XCBuildConfiguration;
			buildSettings = {
				ALWAYS_SEARCH_USER_PATHS = NO;
				ASSETCATALOG_COMPILER_GENERATE_SWIFT_ASSET_SYMBOL_EXTENSIONS = YES;
				CLANG_ANALYZER_LOCALIZABILITY_NONLOCALIZED = YES;
				CLANG_ANALYZER_NONNULL = YES;
				CLANG_ANALYZER_NUMBER_OBJECT_CONVERSION = YES_AGGRESSIVE;
				CLANG_CXX_LANGUAGE_STANDARD = "gnu++17";
				CLANG_ENABLE_MODULES = YES;
				CLANG_ENABLE_OBJC_ARC = YES;
				CLANG_ENABLE_OBJC_WEAK = YES;
				CLANG_WARN_BLOCK_CAPTURE_AUTORELEASING = YES;
				CLANG_WARN_BOOL_CONVERSION = YES;
				CLANG_WARN_COMMA = YES;
				CLANG_WARN_CONSTANT_CONVERSION = YES;
				CLANG_WARN_DEPRECATED_OBJC_IMPLEMENTATIONS = YES;
				CLANG_WARN_DIRECT_OBJC_ISA_USAGE = YES_ERROR;
				CLANG_WARN_DOCUMENTATION_COMMENTS = YES;
				CLANG_WARN_EMPTY_BODY = YES;
				CLANG_WARN_ENUM_CONVERSION = YES;
				CLANG_WARN_INFINITE_RECURSION = YES;
				CLANG_WARN_INT_CONVERSION = YES;
				CLANG_WARN_NON_LITERAL_NULL_CONVERSION = YES;
				CLANG_WARN_OBJC_IMPLICIT_RETAIN_SELF = YES;
				CLANG_WARN_OBJC_LITERAL_CONVERSION = YES;
				CLANG_WARN_OBJC_ROOT_CLASS = YES_ERROR;
				CLANG_WARN_QUOTED_INCLUDE_IN_FRAMEWORK_HEADER = YES;
				CLANG_WARN_RANGE_LOOP_ANALYSIS = YES;
				CLANG_WARN_STRICT_PROTOTYPES = YES;
				CLANG_WARN_SUSPICIOUS_MOVE = YES;
				CLANG_WARN_UNGUARDED_AVAILABILITY = YES_AGGRESSIVE;
				CLANG_WARN_UNREACHABLE_CODE = YES;
				CLANG_WARN__DUPLICATE_METHOD_MATCH = YES;
				COPY_PHASE_STRIP = NO;
				DEBUG_INFORMATION_FORMAT = "dwarf-with-dsym";
				ENABLE_NS_ASSERTIONS = NO;
				ENABLE_STRICT_OBJC_MSGSEND = YES;
				GCC_C_LANGUAGE_STANDARD = gnu11;
				GCC_NO_COMMON_BLOCKS = YES;
				GCC_WARN_64_TO_32_BIT_CONVERSION = YES;
				GCC_WARN_ABOUT_RETURN_TYPE = YES_ERROR;
				GCC_WARN_UNDECLARED_SELECTOR = YES;
				GCC_WARN_UNINITIALIZED_AUTOS = YES_AGGRESSIVE;
				GCC_WARN_UNUSED_FUNCTION = YES;
				GCC_WARN_UNUSED_VARIABLE = YES;
				IPHONEOS_DEPLOYMENT_TARGET = 16.0;
				MTL_ENABLE_DEBUG_INFO = NO;
				MTL_FAST_MATH = YES;
				SDKROOT = iphoneos;
				SWIFT_COMPILATION_MODE = wholemodule;
				SWIFT_OPTIMIZATION_LEVEL = "-O";
				VALIDATE_PRODUCT = YES;
			};
			name = Release;
		};
		ABE17BA328522F7B00879C30 /* Debug */ = {
			isa = XCBuildConfiguration;
			buildSettings = {
				ASSETCATALOG_COMPILER_APPICON_NAME = AppIcon;
				ASSETCATALOG_COMPILER_GLOBAL_ACCENT_COLOR_NAME = AccentColor;
				CODE_SIGN_STYLE = Automatic;
				CURRENT_PROJECT_VERSION = 8;
				DEVELOPMENT_ASSET_PATHS = "\"SupportingFiles/Preview Content\"";
				DEVELOPMENT_TEAM = 46C9Y785NA;
				ENABLE_PREVIEWS = YES;
				GENERATE_INFOPLIST_FILE = YES;
				INFOPLIST_FILE = SupportingFiles/Info.plist;
				INFOPLIST_KEY_CFBundleDisplayName = TimeSheet;
				INFOPLIST_KEY_LSApplicationCategoryType = "public.app-category.finance";
				INFOPLIST_KEY_UIApplicationSceneManifest_Generation = YES;
				INFOPLIST_KEY_UIApplicationSupportsIndirectInputEvents = YES;
				INFOPLIST_KEY_UILaunchScreen_Generation = YES;
				INFOPLIST_KEY_UISupportedInterfaceOrientations_iPad = "UIInterfaceOrientationPortrait UIInterfaceOrientationPortraitUpsideDown UIInterfaceOrientationLandscapeLeft UIInterfaceOrientationLandscapeRight";
				INFOPLIST_KEY_UISupportedInterfaceOrientations_iPhone = "UIInterfaceOrientationPortrait UIInterfaceOrientationLandscapeLeft UIInterfaceOrientationLandscapeRight";
				LD_RUNPATH_SEARCH_PATHS = (
					"$(inherited)",
					"@executable_path/Frameworks",
				);
				MARKETING_VERSION = 1.5.0;
				PRODUCT_BUNDLE_IDENTIFIER = de.JonasFrey.TimeSheet;
				PRODUCT_NAME = "$(TARGET_NAME)";
				SWIFT_EMIT_LOC_STRINGS = YES;
				SWIFT_VERSION = 5.0;
				TARGETED_DEVICE_FAMILY = "1,2";
				VERSIONING_SYSTEM = "apple-generic";
			};
			name = Debug;
		};
		ABE17BA428522F7B00879C30 /* Release */ = {
			isa = XCBuildConfiguration;
			buildSettings = {
				ASSETCATALOG_COMPILER_APPICON_NAME = AppIcon;
				ASSETCATALOG_COMPILER_GLOBAL_ACCENT_COLOR_NAME = AccentColor;
				CODE_SIGN_STYLE = Automatic;
				CURRENT_PROJECT_VERSION = 8;
				DEVELOPMENT_ASSET_PATHS = "\"SupportingFiles/Preview Content\"";
				DEVELOPMENT_TEAM = 46C9Y785NA;
				ENABLE_PREVIEWS = YES;
				GENERATE_INFOPLIST_FILE = YES;
				INFOPLIST_FILE = SupportingFiles/Info.plist;
				INFOPLIST_KEY_CFBundleDisplayName = TimeSheet;
				INFOPLIST_KEY_LSApplicationCategoryType = "public.app-category.finance";
				INFOPLIST_KEY_UIApplicationSceneManifest_Generation = YES;
				INFOPLIST_KEY_UIApplicationSupportsIndirectInputEvents = YES;
				INFOPLIST_KEY_UILaunchScreen_Generation = YES;
				INFOPLIST_KEY_UISupportedInterfaceOrientations_iPad = "UIInterfaceOrientationPortrait UIInterfaceOrientationPortraitUpsideDown UIInterfaceOrientationLandscapeLeft UIInterfaceOrientationLandscapeRight";
				INFOPLIST_KEY_UISupportedInterfaceOrientations_iPhone = "UIInterfaceOrientationPortrait UIInterfaceOrientationLandscapeLeft UIInterfaceOrientationLandscapeRight";
				LD_RUNPATH_SEARCH_PATHS = (
					"$(inherited)",
					"@executable_path/Frameworks",
				);
				MARKETING_VERSION = 1.5.0;
				PRODUCT_BUNDLE_IDENTIFIER = de.JonasFrey.TimeSheet;
				PRODUCT_NAME = "$(TARGET_NAME)";
				SWIFT_EMIT_LOC_STRINGS = YES;
				SWIFT_VERSION = 5.0;
				TARGETED_DEVICE_FAMILY = "1,2";
				VERSIONING_SYSTEM = "apple-generic";
			};
			name = Release;
		};
/* End XCBuildConfiguration section */

/* Begin XCConfigurationList section */
		AB391CAB2964B7EE00A0B0C1 /* Build configuration list for PBXNativeTarget "TimeSheetUITests" */ = {
			isa = XCConfigurationList;
			buildConfigurations = (
				AB391CAC2964B7EE00A0B0C1 /* Debug */,
				AB391CAD2964B7EE00A0B0C1 /* Release */,
			);
			defaultConfigurationIsVisible = 0;
			defaultConfigurationName = Release;
		};
		AB5CE2FE2DF4B213009E41F3 /* Build configuration list for PBXNativeTarget "TimeSheetTests" */ = {
			isa = XCConfigurationList;
			buildConfigurations = (
				AB5CE2FF2DF4B213009E41F3 /* Debug */,
				AB5CE3002DF4B213009E41F3 /* Release */,
			);
			defaultConfigurationIsVisible = 0;
			defaultConfigurationName = Release;
		};
		ABE17B8F28522F7A00879C30 /* Build configuration list for PBXProject "TimeSheet" */ = {
			isa = XCConfigurationList;
			buildConfigurations = (
				ABE17BA028522F7B00879C30 /* Debug */,
				ABE17BA128522F7B00879C30 /* Release */,
			);
			defaultConfigurationIsVisible = 0;
			defaultConfigurationName = Release;
		};
		ABE17BA228522F7B00879C30 /* Build configuration list for PBXNativeTarget "TimeSheet" */ = {
			isa = XCConfigurationList;
			buildConfigurations = (
				ABE17BA328522F7B00879C30 /* Debug */,
				ABE17BA428522F7B00879C30 /* Release */,
			);
			defaultConfigurationIsVisible = 0;
			defaultConfigurationName = Release;
		};
/* End XCConfigurationList section */

/* Begin XCRemoteSwiftPackageReference section */
		ABD6D4BD2DF4C1650021A0E7 /* XCRemoteSwiftPackageReference "JFUtils" */ = {
			isa = XCRemoteSwiftPackageReference;
			repositoryURL = "https://github.com/iComputerfreak/JFUtils";
			requirement = {
				branch = main;
				kind = branch;
			};
		};
/* End XCRemoteSwiftPackageReference section */

/* Begin XCSwiftPackageProductDependency section */
		ABD6D4BE2DF4C1650021A0E7 /* JFTestingUtils */ = {
			isa = XCSwiftPackageProductDependency;
			package = ABD6D4BD2DF4C1650021A0E7 /* XCRemoteSwiftPackageReference "JFUtils" */;
			productName = JFTestingUtils;
		};
		ABD6D4C02DF4C1650021A0E7 /* JFUtils */ = {
			isa = XCSwiftPackageProductDependency;
			package = ABD6D4BD2DF4C1650021A0E7 /* XCRemoteSwiftPackageReference "JFUtils" */;
			productName = JFUtils;
		};
		ABD6D4CA2DF4D8480021A0E7 /* Core */ = {
			isa = XCSwiftPackageProductDependency;
			productName = Core;
		};
		ABD6D4CC2DF4D8480021A0E7 /* Data */ = {
			isa = XCSwiftPackageProductDependency;
			productName = Data;
		};
		ABD6D4CE2DF4D8480021A0E7 /* Domain */ = {
			isa = XCSwiftPackageProductDependency;
			productName = Domain;
		};
		ABD6D4D02DF4D8480021A0E7 /* Model */ = {
			isa = XCSwiftPackageProductDependency;
			productName = Model;
		};
/* End XCSwiftPackageProductDependency section */
	};
	rootObject = ABE17B8C28522F7A00879C30 /* Project object */;
}
