// !$*UTF8*$!
{
	archiveVersion = 1;
	classes = {
	};
	objectVersion = 56;
	objects = {

/* Begin PBXBuildFile section */
		AB069816290A78D400F5CCA5 /* AddFixedPayView.swift in Sources */ = {isa = PBXBuildFile; fileRef = AB069815290A78D400F5CCA5 /* AddFixedPayView.swift */; };
		AB391CA62964B7EE00A0B0C1 /* ScreenshotsUITests.swift in Sources */ = {isa = PBXBuildFile; fileRef = AB391CA52964B7EE00A0B0C1 /* ScreenshotsUITests.swift */; };
		AB391CAF2964BD7700A0B0C1 /* SnapshotHelper.swift in Sources */ = {isa = PBXBuildFile; fileRef = AB391CAE2964BD7700A0B0C1 /* SnapshotHelper.swift */; };
		AB7DA6922853A4750070C17A /* SampleData.swift in Sources */ = {isa = PBXBuildFile; fileRef = AB7DA6912853A4750070C17A /* SampleData.swift */; };
		AB7DA6942853CFBD0070C17A /* InteractiveDateChart.swift in Sources */ = {isa = PBXBuildFile; fileRef = AB7DA6932853CFBD0070C17A /* InteractiveDateChart.swift */; };
		AB7DA6962853D1B40070C17A /* AnnotationView.swift in Sources */ = {isa = PBXBuildFile; fileRef = AB7DA6952853D1B40070C17A /* AnnotationView.swift */; };
		AB8B88F2287589DB00691C11 /* CreatePayoutView.swift in Sources */ = {isa = PBXBuildFile; fileRef = AB8B88F1287589DB00691C11 /* CreatePayoutView.swift */; };
		ABA8E7C02A03EDD90059E4BF /* EditPayoutView.swift in Sources */ = {isa = PBXBuildFile; fileRef = ABA8E7BF2A03EDD90059E4BF /* EditPayoutView.swift */; };
		ABB6EC312877079800CF5B35 /* HistoryView.swift in Sources */ = {isa = PBXBuildFile; fileRef = ABB6EC302877079800CF5B35 /* HistoryView.swift */; };
		ABE17B9828522F7A00879C30 /* TimeSheetApp.swift in Sources */ = {isa = PBXBuildFile; fileRef = ABE17B9728522F7A00879C30 /* TimeSheetApp.swift */; };
		ABE17B9A28522F7A00879C30 /* ContentView.swift in Sources */ = {isa = PBXBuildFile; fileRef = ABE17B9928522F7A00879C30 /* ContentView.swift */; };
		ABE17B9C28522F7B00879C30 /* Assets.xcassets in Resources */ = {isa = PBXBuildFile; fileRef = ABE17B9B28522F7B00879C30 /* Assets.xcassets */; };
		ABE17B9F28522F7B00879C30 /* Preview Assets.xcassets in Resources */ = {isa = PBXBuildFile; fileRef = ABE17B9E28522F7B00879C30 /* Preview Assets.xcassets */; };
		ABE17BA62852300B00879C30 /* ListView.swift in Sources */ = {isa = PBXBuildFile; fileRef = ABE17BA52852300B00879C30 /* ListView.swift */; };
		ABE17BA82852301000879C30 /* SettingsView.swift in Sources */ = {isa = PBXBuildFile; fileRef = ABE17BA72852301000879C30 /* SettingsView.swift */; };
		ABE17BAA2852309200879C30 /* Config.swift in Sources */ = {isa = PBXBuildFile; fileRef = ABE17BA92852309200879C30 /* Config.swift */; };
		ABE17BAC285233E900879C30 /* WorkTime.swift in Sources */ = {isa = PBXBuildFile; fileRef = ABE17BAB285233E900879C30 /* WorkTime.swift */; };
		ABE17BAE2852368D00879C30 /* ListRow.swift in Sources */ = {isa = PBXBuildFile; fileRef = ABE17BAD2852368D00879C30 /* ListRow.swift */; };
		ABE17BB12852386900879C30 /* Algorithms in Frameworks */ = {isa = PBXBuildFile; productRef = ABE17BB02852386900879C30 /* Algorithms */; };
		ABE17BB3285241DF00879C30 /* AddWorkTimeView.swift in Sources */ = {isa = PBXBuildFile; fileRef = ABE17BB2285241DF00879C30 /* AddWorkTimeView.swift */; };
		ABE17BB528524AB800879C30 /* Utils.swift in Sources */ = {isa = PBXBuildFile; fileRef = ABE17BB428524AB800879C30 /* Utils.swift */; };
		ABE17BB728524CB900879C30 /* PayoutsView.swift in Sources */ = {isa = PBXBuildFile; fileRef = ABE17BB628524CB900879C30 /* PayoutsView.swift */; };
		ABE17BBB28525F7E00879C30 /* Extensions.swift in Sources */ = {isa = PBXBuildFile; fileRef = ABE17BBA28525F7E00879C30 /* Extensions.swift */; };
		ABE17BBD285260C300879C30 /* TimeView.swift in Sources */ = {isa = PBXBuildFile; fileRef = ABE17BBC285260C300879C30 /* TimeView.swift */; };
		ABE17BBF2852619D00879C30 /* UserData.swift in Sources */ = {isa = PBXBuildFile; fileRef = ABE17BBE2852619D00879C30 /* UserData.swift */; };
		ABE17BC1285261D600879C30 /* Payout.swift in Sources */ = {isa = PBXBuildFile; fileRef = ABE17BC0285261D600879C30 /* Payout.swift */; };
		ABE17BCB28537FC600879C30 /* WageStepper.swift in Sources */ = {isa = PBXBuildFile; fileRef = ABE17BCA28537FC600879C30 /* WageStepper.swift */; };
		ABE17BCD2853880100879C30 /* PayoutRow.swift in Sources */ = {isa = PBXBuildFile; fileRef = ABE17BCC2853880100879C30 /* PayoutRow.swift */; };
		ABE17BCF2853886E00879C30 /* WorkTimeList.swift in Sources */ = {isa = PBXBuildFile; fileRef = ABE17BCE2853886E00879C30 /* WorkTimeList.swift */; };
		ABE17BD2285392AD00879C30 /* Localizable.strings in Resources */ = {isa = PBXBuildFile; fileRef = ABE17BD0285392AD00879C30 /* Localizable.strings */; };
		ABE17BD4285393AD00879C30 /* ChartsView.swift in Sources */ = {isa = PBXBuildFile; fileRef = ABE17BD3285393AD00879C30 /* ChartsView.swift */; };
/* End PBXBuildFile section */

/* Begin PBXContainerItemProxy section */
		AB391CA92964B7EE00A0B0C1 /* PBXContainerItemProxy */ = {
			isa = PBXContainerItemProxy;
			containerPortal = ABE17B8C28522F7A00879C30 /* Project object */;
			proxyType = 1;
			remoteGlobalIDString = ABE17B9328522F7A00879C30;
			remoteInfo = TimeSheet;
		};
/* End PBXContainerItemProxy section */

/* Begin PBXFileReference section */
		AB069815290A78D400F5CCA5 /* AddFixedPayView.swift */ = {isa = PBXFileReference; lastKnownFileType = sourcecode.swift; path = AddFixedPayView.swift; sourceTree = "<group>"; };
		AB391CA32964B7EE00A0B0C1 /* TimeSheetUITests.xctest */ = {isa = PBXFileReference; explicitFileType = wrapper.cfbundle; includeInIndex = 0; path = TimeSheetUITests.xctest; sourceTree = BUILT_PRODUCTS_DIR; };
		AB391CA52964B7EE00A0B0C1 /* ScreenshotsUITests.swift */ = {isa = PBXFileReference; lastKnownFileType = sourcecode.swift; path = ScreenshotsUITests.swift; sourceTree = "<group>"; };
		AB391CAE2964BD7700A0B0C1 /* SnapshotHelper.swift */ = {isa = PBXFileReference; fileEncoding = 4; lastKnownFileType = sourcecode.swift; path = SnapshotHelper.swift; sourceTree = "<group>"; };
		AB7DA6912853A4750070C17A /* SampleData.swift */ = {isa = PBXFileReference; lastKnownFileType = sourcecode.swift; path = SampleData.swift; sourceTree = "<group>"; };
		AB7DA6932853CFBD0070C17A /* InteractiveDateChart.swift */ = {isa = PBXFileReference; lastKnownFileType = sourcecode.swift; path = InteractiveDateChart.swift; sourceTree = "<group>"; };
		AB7DA6952853D1B40070C17A /* AnnotationView.swift */ = {isa = PBXFileReference; lastKnownFileType = sourcecode.swift; path = AnnotationView.swift; sourceTree = "<group>"; };
		AB7DA69B2853E56B0070C17A /* README.md */ = {isa = PBXFileReference; lastKnownFileType = net.daringfireball.markdown; path = README.md; sourceTree = "<group>"; };
		AB8B88F1287589DB00691C11 /* CreatePayoutView.swift */ = {isa = PBXFileReference; lastKnownFileType = sourcecode.swift; path = CreatePayoutView.swift; sourceTree = "<group>"; };
		ABA8E7BF2A03EDD90059E4BF /* EditPayoutView.swift */ = {isa = PBXFileReference; lastKnownFileType = sourcecode.swift; path = EditPayoutView.swift; sourceTree = "<group>"; };
		ABB6EC302877079800CF5B35 /* HistoryView.swift */ = {isa = PBXFileReference; lastKnownFileType = sourcecode.swift; path = HistoryView.swift; sourceTree = "<group>"; };
		ABE17B9428522F7A00879C30 /* TimeSheet.app */ = {isa = PBXFileReference; explicitFileType = wrapper.application; includeInIndex = 0; path = TimeSheet.app; sourceTree = BUILT_PRODUCTS_DIR; };
		ABE17B9728522F7A00879C30 /* TimeSheetApp.swift */ = {isa = PBXFileReference; lastKnownFileType = sourcecode.swift; path = TimeSheetApp.swift; sourceTree = "<group>"; };
		ABE17B9928522F7A00879C30 /* ContentView.swift */ = {isa = PBXFileReference; lastKnownFileType = sourcecode.swift; path = ContentView.swift; sourceTree = "<group>"; };
		ABE17B9B28522F7B00879C30 /* Assets.xcassets */ = {isa = PBXFileReference; lastKnownFileType = folder.assetcatalog; path = Assets.xcassets; sourceTree = "<group>"; };
		ABE17B9E28522F7B00879C30 /* Preview Assets.xcassets */ = {isa = PBXFileReference; lastKnownFileType = folder.assetcatalog; path = "Preview Assets.xcassets"; sourceTree = "<group>"; };
		ABE17BA52852300B00879C30 /* ListView.swift */ = {isa = PBXFileReference; lastKnownFileType = sourcecode.swift; path = ListView.swift; sourceTree = "<group>"; };
		ABE17BA72852301000879C30 /* SettingsView.swift */ = {isa = PBXFileReference; lastKnownFileType = sourcecode.swift; path = SettingsView.swift; sourceTree = "<group>"; };
		ABE17BA92852309200879C30 /* Config.swift */ = {isa = PBXFileReference; lastKnownFileType = sourcecode.swift; path = Config.swift; sourceTree = "<group>"; };
		ABE17BAB285233E900879C30 /* WorkTime.swift */ = {isa = PBXFileReference; lastKnownFileType = sourcecode.swift; path = WorkTime.swift; sourceTree = "<group>"; };
		ABE17BAD2852368D00879C30 /* ListRow.swift */ = {isa = PBXFileReference; lastKnownFileType = sourcecode.swift; path = ListRow.swift; sourceTree = "<group>"; };
		ABE17BB2285241DF00879C30 /* AddWorkTimeView.swift */ = {isa = PBXFileReference; lastKnownFileType = sourcecode.swift; path = AddWorkTimeView.swift; sourceTree = "<group>"; };
		ABE17BB428524AB800879C30 /* Utils.swift */ = {isa = PBXFileReference; lastKnownFileType = sourcecode.swift; path = Utils.swift; sourceTree = "<group>"; };
		ABE17BB628524CB900879C30 /* PayoutsView.swift */ = {isa = PBXFileReference; lastKnownFileType = sourcecode.swift; path = PayoutsView.swift; sourceTree = "<group>"; };
		ABE17BBA28525F7E00879C30 /* Extensions.swift */ = {isa = PBXFileReference; lastKnownFileType = sourcecode.swift; path = Extensions.swift; sourceTree = "<group>"; };
		ABE17BBC285260C300879C30 /* TimeView.swift */ = {isa = PBXFileReference; lastKnownFileType = sourcecode.swift; path = TimeView.swift; sourceTree = "<group>"; };
		ABE17BBE2852619D00879C30 /* UserData.swift */ = {isa = PBXFileReference; lastKnownFileType = sourcecode.swift; path = UserData.swift; sourceTree = "<group>"; };
		ABE17BC0285261D600879C30 /* Payout.swift */ = {isa = PBXFileReference; lastKnownFileType = sourcecode.swift; path = Payout.swift; sourceTree = "<group>"; };
		ABE17BCA28537FC600879C30 /* WageStepper.swift */ = {isa = PBXFileReference; lastKnownFileType = sourcecode.swift; path = WageStepper.swift; sourceTree = "<group>"; };
		ABE17BCC2853880100879C30 /* PayoutRow.swift */ = {isa = PBXFileReference; lastKnownFileType = sourcecode.swift; path = PayoutRow.swift; sourceTree = "<group>"; };
		ABE17BCE2853886E00879C30 /* WorkTimeList.swift */ = {isa = PBXFileReference; lastKnownFileType = sourcecode.swift; path = WorkTimeList.swift; sourceTree = "<group>"; };
		ABE17BD1285392AD00879C30 /* de */ = {isa = PBXFileReference; lastKnownFileType = text.plist.strings; name = de; path = de.lproj/Localizable.strings; sourceTree = "<group>"; };
		ABE17BD3285393AD00879C30 /* ChartsView.swift */ = {isa = PBXFileReference; lastKnownFileType = sourcecode.swift; path = ChartsView.swift; sourceTree = "<group>"; };
/* End PBXFileReference section */

/* Begin PBXFrameworksBuildPhase section */
		AB391CA02964B7EE00A0B0C1 /* Frameworks */ = {
			isa = PBXFrameworksBuildPhase;
			buildActionMask = 2147483647;
			files = (
			);
			runOnlyForDeploymentPostprocessing = 0;
		};
		ABE17B9128522F7A00879C30 /* Frameworks */ = {
			isa = PBXFrameworksBuildPhase;
			buildActionMask = 2147483647;
			files = (
				ABE17BB12852386900879C30 /* Algorithms in Frameworks */,
			);
			runOnlyForDeploymentPostprocessing = 0;
		};
/* End PBXFrameworksBuildPhase section */

/* Begin PBXGroup section */
		AB391CA42964B7EE00A0B0C1 /* TimeSheetUITests */ = {
			isa = PBXGroup;
			children = (
				AB391CA52964B7EE00A0B0C1 /* ScreenshotsUITests.swift */,
				AB391CAE2964BD7700A0B0C1 /* SnapshotHelper.swift */,
			);
			path = TimeSheetUITests;
			sourceTree = "<group>";
		};
		AB7DA6972853DA430070C17A /* Sheet */ = {
			isa = PBXGroup;
			children = (
				ABE17BA52852300B00879C30 /* ListView.swift */,
				ABE17BCE2853886E00879C30 /* WorkTimeList.swift */,
				ABE17BAD2852368D00879C30 /* ListRow.swift */,
				ABE17BBC285260C300879C30 /* TimeView.swift */,
				ABE17BB2285241DF00879C30 /* AddWorkTimeView.swift */,
				AB069815290A78D400F5CCA5 /* AddFixedPayView.swift */,
			);
			path = Sheet;
			sourceTree = "<group>";
		};
		AB7DA6982853DA4A0070C17A /* Settings */ = {
			isa = PBXGroup;
			children = (
				ABE17BA72852301000879C30 /* SettingsView.swift */,
				ABE17BCA28537FC600879C30 /* WageStepper.swift */,
			);
			path = Settings;
			sourceTree = "<group>";
		};
		AB7DA6992853DA4E0070C17A /* History */ = {
			isa = PBXGroup;
			children = (
				ABB6EC302877079800CF5B35 /* HistoryView.swift */,
				ABE17BD3285393AD00879C30 /* ChartsView.swift */,
				AB7DA6932853CFBD0070C17A /* InteractiveDateChart.swift */,
				AB7DA6952853D1B40070C17A /* AnnotationView.swift */,
			);
			path = History;
			sourceTree = "<group>";
		};
		AB7DA69A2853DA5B0070C17A /* Payouts */ = {
			isa = PBXGroup;
			children = (
				ABE17BB628524CB900879C30 /* PayoutsView.swift */,
				AB8B88F1287589DB00691C11 /* CreatePayoutView.swift */,
				ABA8E7BF2A03EDD90059E4BF /* EditPayoutView.swift */,
				ABE17BCC2853880100879C30 /* PayoutRow.swift */,
			);
			path = Payouts;
			sourceTree = "<group>";
		};
		ABE17B8B28522F7A00879C30 = {
			isa = PBXGroup;
			children = (
				AB7DA69B2853E56B0070C17A /* README.md */,
				ABE17B9628522F7A00879C30 /* TimeSheet */,
				AB391CA42964B7EE00A0B0C1 /* TimeSheetUITests */,
				ABE17B9528522F7A00879C30 /* Products */,
				ABE17BC428528C2100879C30 /* Frameworks */,
			);
			sourceTree = "<group>";
		};
		ABE17B9528522F7A00879C30 /* Products */ = {
			isa = PBXGroup;
			children = (
				ABE17B9428522F7A00879C30 /* TimeSheet.app */,
				AB391CA32964B7EE00A0B0C1 /* TimeSheetUITests.xctest */,
			);
			name = Products;
			sourceTree = "<group>";
		};
		ABE17B9628522F7A00879C30 /* TimeSheet */ = {
			isa = PBXGroup;
			children = (
				ABE17BD0285392AD00879C30 /* Localizable.strings */,
				ABE17B9728522F7A00879C30 /* TimeSheetApp.swift */,
				ABE17BB428524AB800879C30 /* Utils.swift */,
				ABE17BBA28525F7E00879C30 /* Extensions.swift */,
				ABE17BB928524CC100879C30 /* Models */,
				ABE17BB828524CBC00879C30 /* Views */,
				ABE17B9B28522F7B00879C30 /* Assets.xcassets */,
				ABE17B9D28522F7B00879C30 /* Preview Content */,
			);
			path = TimeSheet;
			sourceTree = "<group>";
		};
		ABE17B9D28522F7B00879C30 /* Preview Content */ = {
			isa = PBXGroup;
			children = (
				ABE17B9E28522F7B00879C30 /* Preview Assets.xcassets */,
			);
			path = "Preview Content";
			sourceTree = "<group>";
		};
		ABE17BB828524CBC00879C30 /* Views */ = {
			isa = PBXGroup;
			children = (
				ABE17B9928522F7A00879C30 /* ContentView.swift */,
				AB7DA6972853DA430070C17A /* Sheet */,
				AB7DA69A2853DA5B0070C17A /* Payouts */,
				AB7DA6992853DA4E0070C17A /* History */,
				AB7DA6982853DA4A0070C17A /* Settings */,
			);
			path = Views;
			sourceTree = "<group>";
		};
		ABE17BB928524CC100879C30 /* Models */ = {
			isa = PBXGroup;
			children = (
				ABE17BA92852309200879C30 /* Config.swift */,
				ABE17BBE2852619D00879C30 /* UserData.swift */,
				ABE17BAB285233E900879C30 /* WorkTime.swift */,
				ABE17BC0285261D600879C30 /* Payout.swift */,
				AB7DA6912853A4750070C17A /* SampleData.swift */,
			);
			path = Models;
			sourceTree = "<group>";
		};
		ABE17BC428528C2100879C30 /* Frameworks */ = {
			isa = PBXGroup;
			children = (
			);
			name = Frameworks;
			sourceTree = "<group>";
		};
/* End PBXGroup section */

/* Begin PBXNativeTarget section */
		AB391CA22964B7EE00A0B0C1 /* TimeSheetUITests */ = {
			isa = PBXNativeTarget;
			buildConfigurationList = AB391CAB2964B7EE00A0B0C1 /* Build configuration list for PBXNativeTarget "TimeSheetUITests" */;
			buildPhases = (
				AB391C9F2964B7EE00A0B0C1 /* Sources */,
				AB391CA02964B7EE00A0B0C1 /* Frameworks */,
				AB391CA12964B7EE00A0B0C1 /* Resources */,
			);
			buildRules = (
			);
			dependencies = (
				AB391CAA2964B7EE00A0B0C1 /* PBXTargetDependency */,
			);
			name = TimeSheetUITests;
			productName = TimeSheetUITests;
			productReference = AB391CA32964B7EE00A0B0C1 /* TimeSheetUITests.xctest */;
			productType = "com.apple.product-type.bundle.ui-testing";
		};
		ABE17B9328522F7A00879C30 /* TimeSheet */ = {
			isa = PBXNativeTarget;
			buildConfigurationList = ABE17BA228522F7B00879C30 /* Build configuration list for PBXNativeTarget "TimeSheet" */;
			buildPhases = (
				ABE17B9028522F7A00879C30 /* Sources */,
				ABCD5FB92DF484D3009ADEDD /* SwiftLint */,
				ABE17B9128522F7A00879C30 /* Frameworks */,
				ABE17B9228522F7A00879C30 /* Resources */,
			);
			buildRules = (
			);
			dependencies = (
			);
			name = TimeSheet;
			packageProductDependencies = (
				ABE17BB02852386900879C30 /* Algorithms */,
			);
			productName = TimeSheet;
			productReference = ABE17B9428522F7A00879C30 /* TimeSheet.app */;
			productType = "com.apple.product-type.application";
		};
/* End PBXNativeTarget section */

/* Begin PBXProject section */
		ABE17B8C28522F7A00879C30 /* Project object */ = {
			isa = PBXProject;
			attributes = {
				BuildIndependentTargetsInParallel = 1;
				LastSwiftUpdateCheck = 1420;
				LastUpgradeCheck = 1620;
				TargetAttributes = {
					AB391CA22964B7EE00A0B0C1 = {
						CreatedOnToolsVersion = 14.2;
						TestTargetID = ABE17B9328522F7A00879C30;
					};
					ABE17B9328522F7A00879C30 = {
						CreatedOnToolsVersion = 14.0;
					};
				};
			};
			buildConfigurationList = ABE17B8F28522F7A00879C30 /* Build configuration list for PBXProject "TimeSheet" */;
			compatibilityVersion = "Xcode 14.0";
			developmentRegion = en;
			hasScannedForEncodings = 0;
			knownRegions = (
				en,
				Base,
				de,
			);
			mainGroup = ABE17B8B28522F7A00879C30;
			packageReferences = (
				ABE17BAF2852386900879C30 /* XCRemoteSwiftPackageReference "swift-algorithms" */,
			);
			productRefGroup = ABE17B9528522F7A00879C30 /* Products */;
			projectDirPath = "";
			projectRoot = "";
			targets = (
				ABE17B9328522F7A00879C30 /* TimeSheet */,
				AB391CA22964B7EE00A0B0C1 /* TimeSheetUITests */,
			);
		};
/* End PBXProject section */

/* Begin PBXResourcesBuildPhase section */
		AB391CA12964B7EE00A0B0C1 /* Resources */ = {
			isa = PBXResourcesBuildPhase;
			buildActionMask = 2147483647;
			files = (
			);
			runOnlyForDeploymentPostprocessing = 0;
		};
		ABE17B9228522F7A00879C30 /* Resources */ = {
			isa = PBXResourcesBuildPhase;
			buildActionMask = 2147483647;
			files = (
				ABE17B9F28522F7B00879C30 /* Preview Assets.xcassets in Resources */,
				ABE17BD2285392AD00879C30 /* Localizable.strings in Resources */,
				ABE17B9C28522F7B00879C30 /* Assets.xcassets in Resources */,
			);
			runOnlyForDeploymentPostprocessing = 0;
		};
/* End PBXResourcesBuildPhase section */

/* Begin PBXShellScriptBuildPhase section */
		ABCD5FB92DF484D3009ADEDD /* SwiftLint */ = {
			isa = PBXShellScriptBuildPhase;
			alwaysOutOfDate = 1;
			buildActionMask = 2147483647;
			files = (
			);
			inputFileListPaths = (
			);
			inputPaths = (
			);
			name = SwiftLint;
			outputFileListPaths = (
			);
			outputPaths = (
			);
			runOnlyForDeploymentPostprocessing = 0;
			shellPath = /bin/sh;
			shellScript = "if [[ \"$(uname -m)\" == arm64 ]]\nthen\n    export PATH=\"/opt/homebrew/bin:$PATH\"\nfi\n\nif command -v swiftlint >/dev/null 2>&1\nthen\n    swiftlint\nelse\n    echo \"error: `swiftlint` command not found - See https://github.com/realm/SwiftLint#installation for installation instructions.\"\nfi\n";
		};
/* End PBXShellScriptBuildPhase section */

/* Begin PBXSourcesBuildPhase section */
		AB391C9F2964B7EE00A0B0C1 /* Sources */ = {
			isa = PBXSourcesBuildPhase;
			buildActionMask = 2147483647;
			files = (
				AB391CA62964B7EE00A0B0C1 /* ScreenshotsUITests.swift in Sources */,
				AB391CAF2964BD7700A0B0C1 /* SnapshotHelper.swift in Sources */,
			);
			runOnlyForDeploymentPostprocessing = 0;
		};
		ABE17B9028522F7A00879C30 /* Sources */ = {
			isa = PBXSourcesBuildPhase;
			buildActionMask = 2147483647;
			files = (
				ABA8E7C02A03EDD90059E4BF /* EditPayoutView.swift in Sources */,
				ABE17BCF2853886E00879C30 /* WorkTimeList.swift in Sources */,
				ABE17BBF2852619D00879C30 /* UserData.swift in Sources */,
				ABE17BB728524CB900879C30 /* PayoutsView.swift in Sources */,
				ABE17B9A28522F7A00879C30 /* ContentView.swift in Sources */,
				ABE17BA82852301000879C30 /* SettingsView.swift in Sources */,
				ABE17BCD2853880100879C30 /* PayoutRow.swift in Sources */,
				ABB6EC312877079800CF5B35 /* HistoryView.swift in Sources */,
				ABE17BB528524AB800879C30 /* Utils.swift in Sources */,
				ABE17BAA2852309200879C30 /* Config.swift in Sources */,
				ABE17B9828522F7A00879C30 /* TimeSheetApp.swift in Sources */,
				ABE17BA62852300B00879C30 /* ListView.swift in Sources */,
				AB7DA6962853D1B40070C17A /* AnnotationView.swift in Sources */,
				ABE17BAE2852368D00879C30 /* ListRow.swift in Sources */,
				AB7DA6922853A4750070C17A /* SampleData.swift in Sources */,
				AB069816290A78D400F5CCA5 /* AddFixedPayView.swift in Sources */,
				ABE17BCB28537FC600879C30 /* WageStepper.swift in Sources */,
				ABE17BB3285241DF00879C30 /* AddWorkTimeView.swift in Sources */,
				ABE17BBB28525F7E00879C30 /* Extensions.swift in Sources */,
				AB8B88F2287589DB00691C11 /* CreatePayoutView.swift in Sources */,
				AB7DA6942853CFBD0070C17A /* InteractiveDateChart.swift in Sources */,
				ABE17BC1285261D600879C30 /* Payout.swift in Sources */,
				ABE17BD4285393AD00879C30 /* ChartsView.swift in Sources */,
				ABE17BAC285233E900879C30 /* WorkTime.swift in Sources */,
				ABE17BBD285260C300879C30 /* TimeView.swift in Sources */,
			);
			runOnlyForDeploymentPostprocessing = 0;
		};
/* End PBXSourcesBuildPhase section */

/* Begin PBXTargetDependency section */
		AB391CAA2964B7EE00A0B0C1 /* PBXTargetDependency */ = {
			isa = PBXTargetDependency;
			target = ABE17B9328522F7A00879C30 /* TimeSheet */;
			targetProxy = AB391CA92964B7EE00A0B0C1 /* PBXContainerItemProxy */;
		};
/* End PBXTargetDependency section */

/* Begin PBXVariantGroup section */
		ABE17BD0285392AD00879C30 /* Localizable.strings */ = {
			isa = PBXVariantGroup;
			children = (
				ABE17BD1285392AD00879C30 /* de */,
			);
			name = Localizable.strings;
			sourceTree = "<group>";
		};
/* End PBXVariantGroup section */

/* Begin XCBuildConfiguration section */
		AB391CAC2964B7EE00A0B0C1 /* Debug */ = {
			isa = XCBuildConfiguration;
			buildSettings = {
				CLANG_CXX_LANGUAGE_STANDARD = "gnu++20";
				CODE_SIGN_STYLE = Automatic;
				CURRENT_PROJECT_VERSION = 7;
				DEVELOPMENT_TEAM = 46C9Y785NA;
				GENERATE_INFOPLIST_FILE = YES;
				IPHONEOS_DEPLOYMENT_TARGET = 16.2;
				MARKETING_VERSION = 1.4.3;
				PRODUCT_BUNDLE_IDENTIFIER = de.JonasFrey.TimeSheetUITests;
				PRODUCT_NAME = "$(TARGET_NAME)";
				SWIFT_EMIT_LOC_STRINGS = NO;
				SWIFT_VERSION = 5.0;
				TARGETED_DEVICE_FAMILY = "1,2";
				TEST_TARGET_NAME = TimeSheet;
			};
			name = Debug;
		};
		AB391CAD2964B7EE00A0B0C1 /* Release */ = {
			isa = XCBuildConfiguration;
			buildSettings = {
				CLANG_CXX_LANGUAGE_STANDARD = "gnu++20";
				CODE_SIGN_STYLE = Automatic;
				CURRENT_PROJECT_VERSION = 7;
				DEVELOPMENT_TEAM = 46C9Y785NA;
				GENERATE_INFOPLIST_FILE = YES;
				IPHONEOS_DEPLOYMENT_TARGET = 16.2;
				MARKETING_VERSION = 1.4.3;
				PRODUCT_BUNDLE_IDENTIFIER = de.JonasFrey.TimeSheetUITests;
				PRODUCT_NAME = "$(TARGET_NAME)";
				SWIFT_EMIT_LOC_STRINGS = NO;
				SWIFT_VERSION = 5.0;
				TARGETED_DEVICE_FAMILY = "1,2";
				TEST_TARGET_NAME = TimeSheet;
			};
			name = Release;
		};
		ABE17BA028522F7B00879C30 /* Debug */ = {
			isa = XCBuildConfiguration;
			buildSettings = {
				ALWAYS_SEARCH_USER_PATHS = NO;
				ASSETCATALOG_COMPILER_GENERATE_SWIFT_ASSET_SYMBOL_EXTENSIONS = YES;
				CLANG_ANALYZER_LOCALIZABILITY_NONLOCALIZED = YES;
				CLANG_ANALYZER_NONNULL = YES;
				CLANG_ANALYZER_NUMBER_OBJECT_CONVERSION = YES_AGGRESSIVE;
				CLANG_CXX_LANGUAGE_STANDARD = "gnu++17";
				CLANG_ENABLE_MODULES = YES;
				CLANG_ENABLE_OBJC_ARC = YES;
				CLANG_ENABLE_OBJC_WEAK = YES;
				CLANG_WARN_BLOCK_CAPTURE_AUTORELEASING = YES;
				CLANG_WARN_BOOL_CONVERSION = YES;
				CLANG_WARN_COMMA = YES;
				CLANG_WARN_CONSTANT_CONVERSION = YES;
				CLANG_WARN_DEPRECATED_OBJC_IMPLEMENTATIONS = YES;
				CLANG_WARN_DIRECT_OBJC_ISA_USAGE = YES_ERROR;
				CLANG_WARN_DOCUMENTATION_COMMENTS = YES;
				CLANG_WARN_EMPTY_BODY = YES;
				CLANG_WARN_ENUM_CONVERSION = YES;
				CLANG_WARN_INFINITE_RECURSION = YES;
				CLANG_WARN_INT_CONVERSION = YES;
				CLANG_WARN_NON_LITERAL_NULL_CONVERSION = YES;
				CLANG_WARN_OBJC_IMPLICIT_RETAIN_SELF = YES;
				CLANG_WARN_OBJC_LITERAL_CONVERSION = YES;
				CLANG_WARN_OBJC_ROOT_CLASS = YES_ERROR;
				CLANG_WARN_QUOTED_INCLUDE_IN_FRAMEWORK_HEADER = YES;
				CLANG_WARN_RANGE_LOOP_ANALYSIS = YES;
				CLANG_WARN_STRICT_PROTOTYPES = YES;
				CLANG_WARN_SUSPICIOUS_MOVE = YES;
				CLANG_WARN_UNGUARDED_AVAILABILITY = YES_AGGRESSIVE;
				CLANG_WARN_UNREACHABLE_CODE = YES;
				CLANG_WARN__DUPLICATE_METHOD_MATCH = YES;
				COPY_PHASE_STRIP = NO;
				DEBUG_INFORMATION_FORMAT = dwarf;
				ENABLE_STRICT_OBJC_MSGSEND = YES;
				ENABLE_TESTABILITY = YES;
				GCC_C_LANGUAGE_STANDARD = gnu11;
				GCC_DYNAMIC_NO_PIC = NO;
				GCC_NO_COMMON_BLOCKS = YES;
				GCC_OPTIMIZATION_LEVEL = 0;
				GCC_PREPROCESSOR_DEFINITIONS = (
					"DEBUG=1",
					"$(inherited)",
				);
				GCC_WARN_64_TO_32_BIT_CONVERSION = YES;
				GCC_WARN_ABOUT_RETURN_TYPE = YES_ERROR;
				GCC_WARN_UNDECLARED_SELECTOR = YES;
				GCC_WARN_UNINITIALIZED_AUTOS = YES_AGGRESSIVE;
				GCC_WARN_UNUSED_FUNCTION = YES;
				GCC_WARN_UNUSED_VARIABLE = YES;
				IPHONEOS_DEPLOYMENT_TARGET = 16.0;
				MTL_ENABLE_DEBUG_INFO = INCLUDE_SOURCE;
				MTL_FAST_MATH = YES;
				ONLY_ACTIVE_ARCH = YES;
				SDKROOT = iphoneos;
				SWIFT_ACTIVE_COMPILATION_CONDITIONS = DEBUG;
				SWIFT_OPTIMIZATION_LEVEL = "-Onone";
			};
			name = Debug;
		};
		ABE17BA128522F7B00879C30 /* Release */ = {
			isa = XCBuildConfiguration;
			buildSettings = {
				ALWAYS_SEARCH_USER_PATHS = NO;
				ASSETCATALOG_COMPILER_GENERATE_SWIFT_ASSET_SYMBOL_EXTENSIONS = YES;
				CLANG_ANALYZER_LOCALIZABILITY_NONLOCALIZED = YES;
				CLANG_ANALYZER_NONNULL = YES;
				CLANG_ANALYZER_NUMBER_OBJECT_CONVERSION = YES_AGGRESSIVE;
				CLANG_CXX_LANGUAGE_STANDARD = "gnu++17";
				CLANG_ENABLE_MODULES = YES;
				CLANG_ENABLE_OBJC_ARC = YES;
				CLANG_ENABLE_OBJC_WEAK = YES;
				CLANG_WARN_BLOCK_CAPTURE_AUTORELEASING = YES;
				CLANG_WARN_BOOL_CONVERSION = YES;
				CLANG_WARN_COMMA = YES;
				CLANG_WARN_CONSTANT_CONVERSION = YES;
				CLANG_WARN_DEPRECATED_OBJC_IMPLEMENTATIONS = YES;
				CLANG_WARN_DIRECT_OBJC_ISA_USAGE = YES_ERROR;
				CLANG_WARN_DOCUMENTATION_COMMENTS = YES;
				CLANG_WARN_EMPTY_BODY = YES;
				CLANG_WARN_ENUM_CONVERSION = YES;
				CLANG_WARN_INFINITE_RECURSION = YES;
				CLANG_WARN_INT_CONVERSION = YES;
				CLANG_WARN_NON_LITERAL_NULL_CONVERSION = YES;
				CLANG_WARN_OBJC_IMPLICIT_RETAIN_SELF = YES;
				CLANG_WARN_OBJC_LITERAL_CONVERSION = YES;
				CLANG_WARN_OBJC_ROOT_CLASS = YES_ERROR;
				CLANG_WARN_QUOTED_INCLUDE_IN_FRAMEWORK_HEADER = YES;
				CLANG_WARN_RANGE_LOOP_ANALYSIS = YES;
				CLANG_WARN_STRICT_PROTOTYPES = YES;
				CLANG_WARN_SUSPICIOUS_MOVE = YES;
				CLANG_WARN_UNGUARDED_AVAILABILITY = YES_AGGRESSIVE;
				CLANG_WARN_UNREACHABLE_CODE = YES;
				CLANG_WARN__DUPLICATE_METHOD_MATCH = YES;
				COPY_PHASE_STRIP = NO;
				DEBUG_INFORMATION_FORMAT = "dwarf-with-dsym";
				ENABLE_NS_ASSERTIONS = NO;
				ENABLE_STRICT_OBJC_MSGSEND = YES;
				GCC_C_LANGUAGE_STANDARD = gnu11;
				GCC_NO_COMMON_BLOCKS = YES;
				GCC_WARN_64_TO_32_BIT_CONVERSION = YES;
				GCC_WARN_ABOUT_RETURN_TYPE = YES_ERROR;
				GCC_WARN_UNDECLARED_SELECTOR = YES;
				GCC_WARN_UNINITIALIZED_AUTOS = YES_AGGRESSIVE;
				GCC_WARN_UNUSED_FUNCTION = YES;
				GCC_WARN_UNUSED_VARIABLE = YES;
				IPHONEOS_DEPLOYMENT_TARGET = 16.0;
				MTL_ENABLE_DEBUG_INFO = NO;
				MTL_FAST_MATH = YES;
				SDKROOT = iphoneos;
				SWIFT_COMPILATION_MODE = wholemodule;
				SWIFT_OPTIMIZATION_LEVEL = "-O";
				VALIDATE_PRODUCT = YES;
			};
			name = Release;
		};
		ABE17BA328522F7B00879C30 /* Debug */ = {
			isa = XCBuildConfiguration;
			buildSettings = {
				ASSETCATALOG_COMPILER_APPICON_NAME = AppIcon;
				ASSETCATALOG_COMPILER_GLOBAL_ACCENT_COLOR_NAME = AccentColor;
				CODE_SIGN_STYLE = Automatic;
				CURRENT_PROJECT_VERSION = 8;
				DEVELOPMENT_ASSET_PATHS = "\"TimeSheet/Preview Content\"";
				DEVELOPMENT_TEAM = 46C9Y785NA;
				ENABLE_PREVIEWS = YES;
				GENERATE_INFOPLIST_FILE = YES;
				INFOPLIST_FILE = TimeSheet/Info.plist;
				INFOPLIST_KEY_CFBundleDisplayName = TimeSheet;
				INFOPLIST_KEY_LSApplicationCategoryType = "public.app-category.finance";
				INFOPLIST_KEY_UIApplicationSceneManifest_Generation = YES;
				INFOPLIST_KEY_UIApplicationSupportsIndirectInputEvents = YES;
				INFOPLIST_KEY_UILaunchScreen_Generation = YES;
				INFOPLIST_KEY_UISupportedInterfaceOrientations_iPad = "UIInterfaceOrientationPortrait UIInterfaceOrientationPortraitUpsideDown UIInterfaceOrientationLandscapeLeft UIInterfaceOrientationLandscapeRight";
				INFOPLIST_KEY_UISupportedInterfaceOrientations_iPhone = "UIInterfaceOrientationPortrait UIInterfaceOrientationLandscapeLeft UIInterfaceOrientationLandscapeRight";
				LD_RUNPATH_SEARCH_PATHS = (
					"$(inherited)",
					"@executable_path/Frameworks",
				);
				MARKETING_VERSION = 1.5.0;
				PRODUCT_BUNDLE_IDENTIFIER = de.JonasFrey.TimeSheet;
				PRODUCT_NAME = "$(TARGET_NAME)";
				SWIFT_EMIT_LOC_STRINGS = YES;
				SWIFT_VERSION = 5.0;
				TARGETED_DEVICE_FAMILY = "1,2";
				VERSIONING_SYSTEM = "apple-generic";
			};
			name = Debug;
		};
		ABE17BA428522F7B00879C30 /* Release */ = {
			isa = XCBuildConfiguration;
			buildSettings = {
				ASSETCATALOG_COMPILER_APPICON_NAME = AppIcon;
				ASSETCATALOG_COMPILER_GLOBAL_ACCENT_COLOR_NAME = AccentColor;
				CODE_SIGN_STYLE = Automatic;
				CURRENT_PROJECT_VERSION = 8;
				DEVELOPMENT_ASSET_PATHS = "\"TimeSheet/Preview Content\"";
				DEVELOPMENT_TEAM = 46C9Y785NA;
				ENABLE_PREVIEWS = YES;
				GENERATE_INFOPLIST_FILE = YES;
				INFOPLIST_FILE = TimeSheet/Info.plist;
				INFOPLIST_KEY_CFBundleDisplayName = TimeSheet;
				INFOPLIST_KEY_LSApplicationCategoryType = "public.app-category.finance";
				INFOPLIST_KEY_UIApplicationSceneManifest_Generation = YES;
				INFOPLIST_KEY_UIApplicationSupportsIndirectInputEvents = YES;
				INFOPLIST_KEY_UILaunchScreen_Generation = YES;
				INFOPLIST_KEY_UISupportedInterfaceOrientations_iPad = "UIInterfaceOrientationPortrait UIInterfaceOrientationPortraitUpsideDown UIInterfaceOrientationLandscapeLeft UIInterfaceOrientationLandscapeRight";
				INFOPLIST_KEY_UISupportedInterfaceOrientations_iPhone = "UIInterfaceOrientationPortrait UIInterfaceOrientationLandscapeLeft UIInterfaceOrientationLandscapeRight";
				LD_RUNPATH_SEARCH_PATHS = (
					"$(inherited)",
					"@executable_path/Frameworks",
				);
				MARKETING_VERSION = 1.5.0;
				PRODUCT_BUNDLE_IDENTIFIER = de.JonasFrey.TimeSheet;
				PRODUCT_NAME = "$(TARGET_NAME)";
				SWIFT_EMIT_LOC_STRINGS = YES;
				SWIFT_VERSION = 5.0;
				TARGETED_DEVICE_FAMILY = "1,2";
				VERSIONING_SYSTEM = "apple-generic";
			};
			name = Release;
		};
/* End XCBuildConfiguration section */

/* Begin XCConfigurationList section */
		AB391CAB2964B7EE00A0B0C1 /* Build configuration list for PBXNativeTarget "TimeSheetUITests" */ = {
			isa = XCConfigurationList;
			buildConfigurations = (
				AB391CAC2964B7EE00A0B0C1 /* Debug */,
				AB391CAD2964B7EE00A0B0C1 /* Release */,
			);
			defaultConfigurationIsVisible = 0;
			defaultConfigurationName = Release;
		};
		ABE17B8F28522F7A00879C30 /* Build configuration list for PBXProject "TimeSheet" */ = {
			isa = XCConfigurationList;
			buildConfigurations = (
				ABE17BA028522F7B00879C30 /* Debug */,
				ABE17BA128522F7B00879C30 /* Release */,
			);
			defaultConfigurationIsVisible = 0;
			defaultConfigurationName = Release;
		};
		ABE17BA228522F7B00879C30 /* Build configuration list for PBXNativeTarget "TimeSheet" */ = {
			isa = XCConfigurationList;
			buildConfigurations = (
				ABE17BA328522F7B00879C30 /* Debug */,
				ABE17BA428522F7B00879C30 /* Release */,
			);
			defaultConfigurationIsVisible = 0;
			defaultConfigurationName = Release;
		};
/* End XCConfigurationList section */

/* Begin XCRemoteSwiftPackageReference section */
		ABE17BAF2852386900879C30 /* XCRemoteSwiftPackageReference "swift-algorithms" */ = {
			isa = XCRemoteSwiftPackageReference;
			repositoryURL = "https://github.com/apple/swift-algorithms.git";
			requirement = {
				kind = upToNextMajorVersion;
				minimumVersion = 1.0.0;
			};
		};
/* End XCRemoteSwiftPackageReference section */

/* Begin XCSwiftPackageProductDependency section */
		ABE17BB02852386900879C30 /* Algorithms */ = {
			isa = XCSwiftPackageProductDependency;
			package = ABE17BAF2852386900879C30 /* XCRemoteSwiftPackageReference "swift-algorithms" */;
			productName = Algorithms;
		};
/* End XCSwiftPackageProductDependency section */
	};
	rootObject = ABE17B8C28522F7A00879C30 /* Project object */;
}
